
Microsoft Visual Studio Solution File, Format Version 12.00
# Visual Studio Version 17
VisualStudioVersion = 17.3.32922.545
MinimumVisualStudioVersion = 10.0.40219.1
Project("{FAE04EC0-301F-11D3-BF4B-00C04F79EFBC}") = "njGameLife", "njGameLife\njGameLife.csproj", "{FBDACEDC-0E96-4E78-9B79-1CC2E85D8361}"
EndProject
Global
	GlobalSection(SolutionConfigurationPlatforms) = preSolution
		Debug|Any CPU = Debug|Any CPU
		Release|Any CPU = Release|Any CPU
	EndGlobalSection
	GlobalSection(ProjectConfigurationPlatforms) = postSolution
		{FBDACEDC-0E96-4E78-9B79-1CC2E85D8361}.Debug|Any CPU.ActiveCfg = Debug|Any CPU
		{FBDACEDC-0E96-4E78-9B79-1CC2E85D8361}.Debug|Any CPU.Build.0 = Debug|Any CPU
		{FBDACEDC-0E96-4E78-9B79-1CC2E85D8361}.Release|Any CPU.ActiveCfg = Release|Any CPU
		{FBDACEDC-0E96-4E78-9B79-1CC2E85D8361}.Release|Any CPU.Build.0 = Release|Any CPU
	EndGlobalSection
	GlobalSection(SolutionProperties) = preSolution
		HideSolutionNode = FALSE
	EndGlobalSection
	GlobalSection(ExtensibilityGlobals) = postSolution
		SolutionGuid = {32D16C64-D9AC-47EA-A54B-FFBFE2AD3D0A}
	EndGlobalSection
EndGlobal
